
Microsoft Visual Studio Solution File, Format Version 12.00
# Visual Studio 15
VisualStudioVersion = 15.0.27004.2002
MinimumVisualStudioVersion = 10.0.40219.1
Project("{8BC9CEB8-8B4A-11D0-8D11-00A0C91BC942}") = "SpaceGame", "Space Game\SpaceGame.vcxproj", "{5B9D54C8-320C-4A3C-A73C-48A28DB202F6}"
EndProject
Global
	GlobalSection(SolutionConfigurationPlatforms) = preSolution
		Debug|x64 = Debug|x64
		Debug|x86 = Debug|x86
		Release|x64 = Release|x64
		Release|x86 = Release|x86
	EndGlobalSection
	GlobalSection(ProjectConfigurationPlatforms) = postSolution
		{5B9D54C8-320C-4A3C-A73C-48A28DB202F6}.Debug|x64.ActiveCfg = Debug|x64
		{5B9D54C8-320C-4A3C-A73C-48A28DB202F6}.Debug|x64.Build.0 = Debug|x64
		{5B9D54C8-320C-4A3C-A73C-48A28DB202F6}.Debug|x86.ActiveCfg = Debug|Win32
		{5B9D54C8-320C-4A3C-A73C-48A28DB202F6}.Debug|x86.Build.0 = Debug|Win32
		{5B9D54C8-320C-4A3C-A73C-48A28DB202F6}.Release|x64.ActiveCfg = Release|x64
		{5B9D54C8-320C-4A3C-A73C-48A28DB202F6}.Release|x64.Build.0 = Release|x64
		{5B9D54C8-320C-4A3C-A73C-48A28DB202F6}.Release|x86.ActiveCfg = Release|Win32
		{5B9D54C8-320C-4A3C-A73C-48A28DB202F6}.Release|x86.Build.0 = Release|Win32
	EndGlobalSection
	GlobalSection(SolutionProperties) = preSolution
		HideSolutionNode = FALSE
	EndGlobalSection
	GlobalSection(ExtensibilityGlobals) = postSolution
		SolutionGuid = {401B65A1-876D-46B1-AB72-463F0602A60D}
	EndGlobalSection
EndGlobal
